
Microsoft Visual Studio Solution File, Format Version 12.00
# Visual Studio Version 16
VisualStudioVersion = 16.0.31205.134
MinimumVisualStudioVersion = 10.0.40219.1
Project("{9A19103F-16F7-4668-BE54-9A1E7A4F7556}") = "GitHubPages.Web", "GitHubPages.Web\GitHubPages.Web.csproj", "{0666DE2E-D400-484C-8A81-4BA697F02B91}"
EndProject
Project("{9A19103F-16F7-4668-BE54-9A1E7A4F7556}") = "GitHubPages.Services", "GitHubPages.Services\GitHubPages.Services.csproj", "{987177F7-3E34-4EA8-8B75-F91F1EE5E3C7}"
EndProject
Project("{9A19103F-16F7-4668-BE54-9A1E7A4F7556}") = "GitHubPages.Common", "GitHubPages.Common\GitHubPages.Common.csproj", "{6E422F84-451D-4DA1-8237-72A569C8391F}"
EndProject
Project("{9A19103F-16F7-4668-BE54-9A1E7A4F7556}") = "GitHubPages.Common.UnitTests", "GitHubPages.Common.UnitTests\GitHubPages.Common.UnitTests.csproj", "{F08122B0-EBC1-434B-B75C-597154723F93}"
EndProject
Project("{9A19103F-16F7-4668-BE54-9A1E7A4F7556}") = "GitHubPages.Objects", "GitHubPages.Objects\GitHubPages.Objects.csproj", "{F90B24D6-99DA-4D73-B5C7-5A81165A753D}"
EndProject
Project("{9A19103F-16F7-4668-BE54-9A1E7A4F7556}") = "GitHubPages.OfficialJokeApi", "GitHubPages.Jokes\GitHubPages.OfficialJokeApi.csproj", "{529C16F6-E543-40D9-A479-3FE10D575BB4}"
EndProject
Project("{9A19103F-16F7-4668-BE54-9A1E7A4F7556}") = "GitHubPages.DependencyResolution", "GitHubPages.DependencyResolution\GitHubPages.DependencyResolution.csproj", "{98AE8EAE-BB0F-4D03-9FA2-61E3CB3EB621}"
EndProject
Project("{9A19103F-16F7-4668-BE54-9A1E7A4F7556}") = "GitHubPages.Services.Factory", "GitHubPages.Services.Interfaces\GitHubPages.Services.Factory.csproj", "{36B1FFC0-0A66-4D26-BF15-65F0ED00BD72}"
EndProject
Project("{9A19103F-16F7-4668-BE54-9A1E7A4F7556}") = "GitHubPages.Services.UnitTests", "GitHubPages.Services.UnitTests\GitHubPages.Services.UnitTests.csproj", "{BF95B774-1A53-458A-8238-26E2B125E5A6}"
EndProject
Project("{9A19103F-16F7-4668-BE54-9A1E7A4F7556}") = "GitHubPages.OfficialJokeApi.UnitTests", "GitHubPages.OfficialJokeApi.UnitTests\GitHubPages.OfficialJokeApi.UnitTests.csproj", "{ABE1E8A1-8D20-443D-B57D-E0AC3994A7FF}"
EndProject
Project("{2150E333-8FDC-42A3-9474-1A3956D46DE8}") = "Jokes", "Jokes", "{FB28CF06-5572-409A-8AC9-6CD9E107EFD5}"
EndProject
Global
	GlobalSection(SolutionConfigurationPlatforms) = preSolution
		Debug|Any CPU = Debug|Any CPU
		Release|Any CPU = Release|Any CPU
	EndGlobalSection
	GlobalSection(ProjectConfigurationPlatforms) = postSolution
		{0666DE2E-D400-484C-8A81-4BA697F02B91}.Debug|Any CPU.ActiveCfg = Debug|Any CPU
		{0666DE2E-D400-484C-8A81-4BA697F02B91}.Debug|Any CPU.Build.0 = Debug|Any CPU
		{0666DE2E-D400-484C-8A81-4BA697F02B91}.Release|Any CPU.ActiveCfg = Release|Any CPU
		{0666DE2E-D400-484C-8A81-4BA697F02B91}.Release|Any CPU.Build.0 = Release|Any CPU
		{987177F7-3E34-4EA8-8B75-F91F1EE5E3C7}.Debug|Any CPU.ActiveCfg = Debug|Any CPU
		{987177F7-3E34-4EA8-8B75-F91F1EE5E3C7}.Debug|Any CPU.Build.0 = Debug|Any CPU
		{987177F7-3E34-4EA8-8B75-F91F1EE5E3C7}.Release|Any CPU.ActiveCfg = Release|Any CPU
		{987177F7-3E34-4EA8-8B75-F91F1EE5E3C7}.Release|Any CPU.Build.0 = Release|Any CPU
		{6E422F84-451D-4DA1-8237-72A569C8391F}.Debug|Any CPU.ActiveCfg = Debug|Any CPU
		{6E422F84-451D-4DA1-8237-72A569C8391F}.Debug|Any CPU.Build.0 = Debug|Any CPU
		{6E422F84-451D-4DA1-8237-72A569C8391F}.Release|Any CPU.ActiveCfg = Release|Any CPU
		{6E422F84-451D-4DA1-8237-72A569C8391F}.Release|Any CPU.Build.0 = Release|Any CPU
		{F08122B0-EBC1-434B-B75C-597154723F93}.Debug|Any CPU.ActiveCfg = Debug|Any CPU
		{F08122B0-EBC1-434B-B75C-597154723F93}.Debug|Any CPU.Build.0 = Debug|Any CPU
		{F08122B0-EBC1-434B-B75C-597154723F93}.Release|Any CPU.ActiveCfg = Release|Any CPU
		{F08122B0-EBC1-434B-B75C-597154723F93}.Release|Any CPU.Build.0 = Release|Any CPU
		{F90B24D6-99DA-4D73-B5C7-5A81165A753D}.Debug|Any CPU.ActiveCfg = Debug|Any CPU
		{F90B24D6-99DA-4D73-B5C7-5A81165A753D}.Debug|Any CPU.Build.0 = Debug|Any CPU
		{F90B24D6-99DA-4D73-B5C7-5A81165A753D}.Release|Any CPU.ActiveCfg = Release|Any CPU
		{F90B24D6-99DA-4D73-B5C7-5A81165A753D}.Release|Any CPU.Build.0 = Release|Any CPU
		{529C16F6-E543-40D9-A479-3FE10D575BB4}.Debug|Any CPU.ActiveCfg = Debug|Any CPU
		{529C16F6-E543-40D9-A479-3FE10D575BB4}.Debug|Any CPU.Build.0 = Debug|Any CPU
		{529C16F6-E543-40D9-A479-3FE10D575BB4}.Release|Any CPU.ActiveCfg = Release|Any CPU
		{529C16F6-E543-40D9-A479-3FE10D575BB4}.Release|Any CPU.Build.0 = Release|Any CPU
		{98AE8EAE-BB0F-4D03-9FA2-61E3CB3EB621}.Debug|Any CPU.ActiveCfg = Debug|Any CPU
		{98AE8EAE-BB0F-4D03-9FA2-61E3CB3EB621}.Debug|Any CPU.Build.0 = Debug|Any CPU
		{98AE8EAE-BB0F-4D03-9FA2-61E3CB3EB621}.Release|Any CPU.ActiveCfg = Release|Any CPU
		{98AE8EAE-BB0F-4D03-9FA2-61E3CB3EB621}.Release|Any CPU.Build.0 = Release|Any CPU
		{36B1FFC0-0A66-4D26-BF15-65F0ED00BD72}.Debug|Any CPU.ActiveCfg = Debug|Any CPU
		{36B1FFC0-0A66-4D26-BF15-65F0ED00BD72}.Debug|Any CPU.Build.0 = Debug|Any CPU
		{36B1FFC0-0A66-4D26-BF15-65F0ED00BD72}.Release|Any CPU.ActiveCfg = Release|Any CPU
		{36B1FFC0-0A66-4D26-BF15-65F0ED00BD72}.Release|Any CPU.Build.0 = Release|Any CPU
		{BF95B774-1A53-458A-8238-26E2B125E5A6}.Debug|Any CPU.ActiveCfg = Debug|Any CPU
		{BF95B774-1A53-458A-8238-26E2B125E5A6}.Debug|Any CPU.Build.0 = Debug|Any CPU
		{BF95B774-1A53-458A-8238-26E2B125E5A6}.Release|Any CPU.ActiveCfg = Release|Any CPU
		{BF95B774-1A53-458A-8238-26E2B125E5A6}.Release|Any CPU.Build.0 = Release|Any CPU
		{ABE1E8A1-8D20-443D-B57D-E0AC3994A7FF}.Debug|Any CPU.ActiveCfg = Debug|Any CPU
		{ABE1E8A1-8D20-443D-B57D-E0AC3994A7FF}.Debug|Any CPU.Build.0 = Debug|Any CPU
		{ABE1E8A1-8D20-443D-B57D-E0AC3994A7FF}.Release|Any CPU.ActiveCfg = Release|Any CPU
		{ABE1E8A1-8D20-443D-B57D-E0AC3994A7FF}.Release|Any CPU.Build.0 = Release|Any CPU
	EndGlobalSection
	GlobalSection(SolutionProperties) = preSolution
		HideSolutionNode = FALSE
	EndGlobalSection
	GlobalSection(NestedProjects) = preSolution
		{529C16F6-E543-40D9-A479-3FE10D575BB4} = {FB28CF06-5572-409A-8AC9-6CD9E107EFD5}
		{ABE1E8A1-8D20-443D-B57D-E0AC3994A7FF} = {FB28CF06-5572-409A-8AC9-6CD9E107EFD5}
	EndGlobalSection
	GlobalSection(ExtensibilityGlobals) = postSolution
		SolutionGuid = {00C044B8-14E0-40B8-8D37-C202A93923FF}
	EndGlobalSection
EndGlobal
